
Microsoft Visual Studio Solution File, Format Version 12.00
# Visual Studio Version 16
VisualStudioVersion = 16.0.31321.278
MinimumVisualStudioVersion = 10.0.40219.1
Project("{9A19103F-16F7-4668-BE54-9A1E7A4F7556}") = "01.UniqueUsername", "SetsAndDictionariesAdvanced\01.UniqueUsername.csproj", "{E618516D-89EB-4C52-8C9C-60B30A6DCE67}"
EndProject
Project("{9A19103F-16F7-4668-BE54-9A1E7A4F7556}") = "02.SetsOfElements", "02.SetsOfElements\02.SetsOfElements.csproj", "{F18EC481-E950-46DB-ACDC-7A031E803FB0}"
EndProject
Project("{9A19103F-16F7-4668-BE54-9A1E7A4F7556}") = "03.PeriodicTable", "03.PeriodicTable\03.PeriodicTable.csproj", "{2B910F51-BC43-429C-A289-D1E5AC1FE632}"
EndProject
Project("{9A19103F-16F7-4668-BE54-9A1E7A4F7556}") = "04.EvenTimes", "04.EvenTimes\04.EvenTimes.csproj", "{ABC0AADA-4EDC-4F99-8B3A-9D34D2AF79CF}"
EndProject
Project("{9A19103F-16F7-4668-BE54-9A1E7A4F7556}") = "05.CountSymbols", "05.CountSymbols\05.CountSymbols.csproj", "{A6D623D0-E025-429D-BD27-1A0067A1FBE0}"
EndProject
Project("{9A19103F-16F7-4668-BE54-9A1E7A4F7556}") = "06.Wardrobe", "06.Wardrobe\06.Wardrobe.csproj", "{784CE7AD-4B78-40FE-AE52-074F3597EA2F}"
EndProject
Project("{FAE04EC0-301F-11D3-BF4B-00C04F79EFBC}") = "test", "test\test.csproj", "{3B15B515-09F2-4859-9840-0C75090F9D65}"
EndProject
Global
	GlobalSection(SolutionConfigurationPlatforms) = preSolution
		Debug|Any CPU = Debug|Any CPU
		Release|Any CPU = Release|Any CPU
	EndGlobalSection
	GlobalSection(ProjectConfigurationPlatforms) = postSolution
		{E618516D-89EB-4C52-8C9C-60B30A6DCE67}.Debug|Any CPU.ActiveCfg = Debug|Any CPU
		{E618516D-89EB-4C52-8C9C-60B30A6DCE67}.Debug|Any CPU.Build.0 = Debug|Any CPU
		{E618516D-89EB-4C52-8C9C-60B30A6DCE67}.Release|Any CPU.ActiveCfg = Release|Any CPU
		{E618516D-89EB-4C52-8C9C-60B30A6DCE67}.Release|Any CPU.Build.0 = Release|Any CPU
		{F18EC481-E950-46DB-ACDC-7A031E803FB0}.Debug|Any CPU.ActiveCfg = Debug|Any CPU
		{F18EC481-E950-46DB-ACDC-7A031E803FB0}.Debug|Any CPU.Build.0 = Debug|Any CPU
		{F18EC481-E950-46DB-ACDC-7A031E803FB0}.Release|Any CPU.ActiveCfg = Release|Any CPU
		{F18EC481-E950-46DB-ACDC-7A031E803FB0}.Release|Any CPU.Build.0 = Release|Any CPU
		{2B910F51-BC43-429C-A289-D1E5AC1FE632}.Debug|Any CPU.ActiveCfg = Debug|Any CPU
		{2B910F51-BC43-429C-A289-D1E5AC1FE632}.Debug|Any CPU.Build.0 = Debug|Any CPU
		{2B910F51-BC43-429C-A289-D1E5AC1FE632}.Release|Any CPU.ActiveCfg = Release|Any CPU
		{2B910F51-BC43-429C-A289-D1E5AC1FE632}.Release|Any CPU.Build.0 = Release|Any CPU
		{ABC0AADA-4EDC-4F99-8B3A-9D34D2AF79CF}.Debug|Any CPU.ActiveCfg = Debug|Any CPU
		{ABC0AADA-4EDC-4F99-8B3A-9D34D2AF79CF}.Debug|Any CPU.Build.0 = Debug|Any CPU
		{ABC0AADA-4EDC-4F99-8B3A-9D34D2AF79CF}.Release|Any CPU.ActiveCfg = Release|Any CPU
		{ABC0AADA-4EDC-4F99-8B3A-9D34D2AF79CF}.Release|Any CPU.Build.0 = Release|Any CPU
		{A6D623D0-E025-429D-BD27-1A0067A1FBE0}.Debug|Any CPU.ActiveCfg = Debug|Any CPU
		{A6D623D0-E025-429D-BD27-1A0067A1FBE0}.Debug|Any CPU.Build.0 = Debug|Any CPU
		{A6D623D0-E025-429D-BD27-1A0067A1FBE0}.Release|Any CPU.ActiveCfg = Release|Any CPU
		{A6D623D0-E025-429D-BD27-1A0067A1FBE0}.Release|Any CPU.Build.0 = Release|Any CPU
		{784CE7AD-4B78-40FE-AE52-074F3597EA2F}.Debug|Any CPU.ActiveCfg = Debug|Any CPU
		{784CE7AD-4B78-40FE-AE52-074F3597EA2F}.Debug|Any CPU.Build.0 = Debug|Any CPU
		{784CE7AD-4B78-40FE-AE52-074F3597EA2F}.Release|Any CPU.ActiveCfg = Release|Any CPU
		{784CE7AD-4B78-40FE-AE52-074F3597EA2F}.Release|Any CPU.Build.0 = Release|Any CPU
		{3B15B515-09F2-4859-9840-0C75090F9D65}.Debug|Any CPU.ActiveCfg = Debug|Any CPU
		{3B15B515-09F2-4859-9840-0C75090F9D65}.Debug|Any CPU.Build.0 = Debug|Any CPU
		{3B15B515-09F2-4859-9840-0C75090F9D65}.Release|Any CPU.ActiveCfg = Release|Any CPU
		{3B15B515-09F2-4859-9840-0C75090F9D65}.Release|Any CPU.Build.0 = Release|Any CPU
	EndGlobalSection
	GlobalSection(SolutionProperties) = preSolution
		HideSolutionNode = FALSE
	EndGlobalSection
	GlobalSection(ExtensibilityGlobals) = postSolution
		SolutionGuid = {D3769098-4B5C-4D08-8FC3-A985E2FB734D}
	EndGlobalSection
EndGlobal
